
Microsoft Visual Studio Solution File, Format Version 12.00
# Visual Studio Version 17
VisualStudioVersion = 17.7.34009.444
MinimumVisualStudioVersion = 10.0.40219.1
Project("{FAE04EC0-301F-11D3-BF4B-00C04F79EFBC}") = "task-3", "task-3.csproj", "{B54011C3-3819-4C8F-9378-1A9F9B2BA603}"
EndProject
Global
	GlobalSection(SolutionConfigurationPlatforms) = preSolution
		Debug|Any CPU = Debug|Any CPU
		Release|Any CPU = Release|Any CPU
	EndGlobalSection
	GlobalSection(ProjectConfigurationPlatforms) = postSolution
		{B54011C3-3819-4C8F-9378-1A9F9B2BA603}.Debug|Any CPU.ActiveCfg = Debug|Any CPU
		{B54011C3-3819-4C8F-9378-1A9F9B2BA603}.Debug|Any CPU.Build.0 = Debug|Any CPU
		{B54011C3-3819-4C8F-9378-1A9F9B2BA603}.Release|Any CPU.ActiveCfg = Release|Any CPU
		{B54011C3-3819-4C8F-9378-1A9F9B2BA603}.Release|Any CPU.Build.0 = Release|Any CPU
	EndGlobalSection
	GlobalSection(SolutionProperties) = preSolution
		HideSolutionNode = FALSE
	EndGlobalSection
	GlobalSection(ExtensibilityGlobals) = postSolution
		SolutionGuid = {E25CC287-CA0B-4A1A-9E95-BD3DE4B139AB}
	EndGlobalSection
EndGlobal
